
Microsoft Visual Studio Solution File, Format Version 12.00
# Visual Studio Version 16
VisualStudioVersion = 16.0.32802.440
MinimumVisualStudioVersion = 10.0.40219.1
Project("{FAE04EC0-301F-11D3-BF4B-00C04F79EFBC}") = "Manutencao.Solicitante.Dominio", "Manutencao.Solicitante.Dominio\Manutencao.Solicitante.Dominio.csproj", "{07A017EC-8E38-4BCC-9AC7-D5E8D8643B3A}"
EndProject
Project("{FAE04EC0-301F-11D3-BF4B-00C04F79EFBC}") = "Manutencao.Solicitante.Testes", "..\..\test\Manutencao.Solicitante.Testes\Manutencao.Solicitante.Testes.csproj", "{8638DE84-28F5-4EE8-87BF-800FDCDF728C}"
EndProject
Global
	GlobalSection(SolutionConfigurationPlatforms) = preSolution
		Debug|Any CPU = Debug|Any CPU
		Release|Any CPU = Release|Any CPU
	EndGlobalSection
	GlobalSection(ProjectConfigurationPlatforms) = postSolution
		{07A017EC-8E38-4BCC-9AC7-D5E8D8643B3A}.Debug|Any CPU.ActiveCfg = Debug|Any CPU
		{07A017EC-8E38-4BCC-9AC7-D5E8D8643B3A}.Debug|Any CPU.Build.0 = Debug|Any CPU
		{07A017EC-8E38-4BCC-9AC7-D5E8D8643B3A}.Release|Any CPU.ActiveCfg = Release|Any CPU
		{07A017EC-8E38-4BCC-9AC7-D5E8D8643B3A}.Release|Any CPU.Build.0 = Release|Any CPU
		{8638DE84-28F5-4EE8-87BF-800FDCDF728C}.Debug|Any CPU.ActiveCfg = Debug|Any CPU
		{8638DE84-28F5-4EE8-87BF-800FDCDF728C}.Debug|Any CPU.Build.0 = Debug|Any CPU
		{8638DE84-28F5-4EE8-87BF-800FDCDF728C}.Release|Any CPU.ActiveCfg = Release|Any CPU
		{8638DE84-28F5-4EE8-87BF-800FDCDF728C}.Release|Any CPU.Build.0 = Release|Any CPU
	EndGlobalSection
	GlobalSection(SolutionProperties) = preSolution
		HideSolutionNode = FALSE
	EndGlobalSection
	GlobalSection(ExtensibilityGlobals) = postSolution
		SolutionGuid = {C39226FD-E79F-4D9A-92A8-D11A426C64D0}
	EndGlobalSection
EndGlobal
